// !$*UTF8*$!
{
	archiveVersion = 1;
	classes = {
	};
	objectVersion = 56;
	objects = {

/* Begin PBXBuildFile section */
		0705D6542BCE2172001D6C4B /* MetalRepresentable+Rotations.swift in Sources */ = {isa = PBXBuildFile; fileRef = 0705D6532BCE2172001D6C4B /* MetalRepresentable+Rotations.swift */; };
		0705D6582BCE2260001D6C4B /* MetalCoordinator.swift in Sources */ = {isa = PBXBuildFile; fileRef = 0705D6572BCE2260001D6C4B /* MetalCoordinator.swift */; };
		0705D65A2BCE22B9001D6C4B /* MetalEnvironment.swift in Sources */ = {isa = PBXBuildFile; fileRef = 0705D6592BCE22B9001D6C4B /* MetalEnvironment.swift */; };
		0705D6602BCE255B001D6C4B /* MetalTextureColorZapView.swift in Sources */ = {isa = PBXBuildFile; fileRef = 0705D65F2BCE255B001D6C4B /* MetalTextureColorZapView.swift */; };
		0705D6642BCE2642001D6C4B /* MTKColorZapCoordinator.swift in Sources */ = {isa = PBXBuildFile; fileRef = 0705D6632BCE2642001D6C4B /* MTKColorZapCoordinator.swift */; };
		0705D6682BCE2797001D6C4B /* CameraCapturedData.swift in Sources */ = {isa = PBXBuildFile; fileRef = 0705D6672BCE2797001D6C4B /* CameraCapturedData.swift */; };
		0705D66C2BCEE932001D6C4B /* SliderDepthBoundaryView.swift in Sources */ = {isa = PBXBuildFile; fileRef = 0705D66B2BCEE932001D6C4B /* SliderDepthBoundaryView.swift */; };
		0705D6702BCEEF01001D6C4B /* CameraManager.swift in Sources */ = {isa = PBXBuildFile; fileRef = 0705D66F2BCEEF01001D6C4B /* CameraManager.swift */; };
		0705D6742BCEEFD5001D6C4B /* CameraProvider.swift in Sources */ = {isa = PBXBuildFile; fileRef = 0705D6732BCEEFD5001D6C4B /* CameraProvider.swift */; };
		0705D6782BCEF59C001D6C4B /* CVPixelBuffer+Textures.swift in Sources */ = {isa = PBXBuildFile; fileRef = 0705D6772BCEF59C001D6C4B /* CVPixelBuffer+Textures.swift */; };
		071D47A72BC5C4920080E066 /* View+MTLTexture.swift in Sources */ = {isa = PBXBuildFile; fileRef = 071D47A62BC5C4920080E066 /* View+MTLTexture.swift */; };
		6058315D2BC3797700F7E99D /* SpatialAuditoryFeedbackApp.swift in Sources */ = {isa = PBXBuildFile; fileRef = 6058315C2BC3797700F7E99D /* SpatialAuditoryFeedbackApp.swift */; };
		6058315F2BC3797700F7E99D /* ContentView.swift in Sources */ = {isa = PBXBuildFile; fileRef = 6058315E2BC3797700F7E99D /* ContentView.swift */; };
		605831612BC3797700F7E99D /* Item.swift in Sources */ = {isa = PBXBuildFile; fileRef = 605831602BC3797700F7E99D /* Item.swift */; };
		605831632BC3797900F7E99D /* Assets.xcassets in Resources */ = {isa = PBXBuildFile; fileRef = 605831622BC3797900F7E99D /* Assets.xcassets */; };
		605831672BC3797900F7E99D /* Preview Assets.xcassets in Resources */ = {isa = PBXBuildFile; fileRef = 605831662BC3797900F7E99D /* Preview Assets.xcassets */; };
		605831712BC3797900F7E99D /* SpatialAuditoryFeedbackTests.swift in Sources */ = {isa = PBXBuildFile; fileRef = 605831702BC3797900F7E99D /* SpatialAuditoryFeedbackTests.swift */; };
		6058317B2BC3797900F7E99D /* SpatialAuditoryFeedbackUITests.swift in Sources */ = {isa = PBXBuildFile; fileRef = 6058317A2BC3797900F7E99D /* SpatialAuditoryFeedbackUITests.swift */; };
		6058317D2BC3797900F7E99D /* SpatialAuditoryFeedbackUITestsLaunchTests.swift in Sources */ = {isa = PBXBuildFile; fileRef = 6058317C2BC3797900F7E99D /* SpatialAuditoryFeedbackUITestsLaunchTests.swift */; };
		607129FA2BC51C4700EB6E3D /* shader.metal in Sources */ = {isa = PBXBuildFile; fileRef = 607129F92BC51C4700EB6E3D /* shader.metal */; };
		607B16982BD14067002B3AC6 /* OSCKit in Frameworks */ = {isa = PBXBuildFile; productRef = 607B16972BD14067002B3AC6 /* OSCKit */; };
		607B169A2BD14067002B3AC6 /* OSCKitCore in Frameworks */ = {isa = PBXBuildFile; productRef = 607B16992BD14067002B3AC6 /* OSCKitCore */; };
		60FF4C4B2BD15B7100D75E79 /* PoseDetector.swift in Sources */ = {isa = PBXBuildFile; fileRef = 60FF4C4A2BD15B7100D75E79 /* PoseDetector.swift */; };
/* End PBXBuildFile section */

/* Begin PBXContainerItemProxy section */
		6058316D2BC3797900F7E99D /* PBXContainerItemProxy */ = {
			isa = PBXContainerItemProxy;
			containerPortal = 605831512BC3797700F7E99D /* Project object */;
			proxyType = 1;
			remoteGlobalIDString = 605831582BC3797700F7E99D;
			remoteInfo = SpatialAuditoryFeedback;
		};
		605831772BC3797900F7E99D /* PBXContainerItemProxy */ = {
			isa = PBXContainerItemProxy;
			containerPortal = 605831512BC3797700F7E99D /* Project object */;
			proxyType = 1;
			remoteGlobalIDString = 605831582BC3797700F7E99D;
			remoteInfo = SpatialAuditoryFeedback;
		};
/* End PBXContainerItemProxy section */

/* Begin PBXFileReference section */
		0705D6532BCE2172001D6C4B /* MetalRepresentable+Rotations.swift */ = {isa = PBXFileReference; lastKnownFileType = sourcecode.swift; path = "MetalRepresentable+Rotations.swift"; sourceTree = "<group>"; };
		0705D6572BCE2260001D6C4B /* MetalCoordinator.swift */ = {isa = PBXFileReference; lastKnownFileType = sourcecode.swift; path = MetalCoordinator.swift; sourceTree = "<group>"; };
		0705D6592BCE22B9001D6C4B /* MetalEnvironment.swift */ = {isa = PBXFileReference; lastKnownFileType = sourcecode.swift; path = MetalEnvironment.swift; sourceTree = "<group>"; };
		0705D65F2BCE255B001D6C4B /* MetalTextureColorZapView.swift */ = {isa = PBXFileReference; lastKnownFileType = sourcecode.swift; path = MetalTextureColorZapView.swift; sourceTree = "<group>"; };
		0705D6632BCE2642001D6C4B /* MTKColorZapCoordinator.swift */ = {isa = PBXFileReference; lastKnownFileType = sourcecode.swift; path = MTKColorZapCoordinator.swift; sourceTree = "<group>"; };
		0705D6672BCE2797001D6C4B /* CameraCapturedData.swift */ = {isa = PBXFileReference; lastKnownFileType = sourcecode.swift; path = CameraCapturedData.swift; sourceTree = "<group>"; };
		0705D66B2BCEE932001D6C4B /* SliderDepthBoundaryView.swift */ = {isa = PBXFileReference; lastKnownFileType = sourcecode.swift; path = SliderDepthBoundaryView.swift; sourceTree = "<group>"; };
		0705D66F2BCEEF01001D6C4B /* CameraManager.swift */ = {isa = PBXFileReference; lastKnownFileType = sourcecode.swift; path = CameraManager.swift; sourceTree = "<group>"; };
		0705D6732BCEEFD5001D6C4B /* CameraProvider.swift */ = {isa = PBXFileReference; lastKnownFileType = sourcecode.swift; path = CameraProvider.swift; sourceTree = "<group>"; };
		0705D6772BCEF59C001D6C4B /* CVPixelBuffer+Textures.swift */ = {isa = PBXFileReference; lastKnownFileType = sourcecode.swift; path = "CVPixelBuffer+Textures.swift"; sourceTree = "<group>"; };
		071D47A62BC5C4920080E066 /* View+MTLTexture.swift */ = {isa = PBXFileReference; lastKnownFileType = sourcecode.swift; path = "View+MTLTexture.swift"; sourceTree = "<group>"; };
		605831592BC3797700F7E99D /* SpatialAuditoryFeedback.app */ = {isa = PBXFileReference; explicitFileType = wrapper.application; includeInIndex = 0; path = SpatialAuditoryFeedback.app; sourceTree = BUILT_PRODUCTS_DIR; };
		6058315C2BC3797700F7E99D /* SpatialAuditoryFeedbackApp.swift */ = {isa = PBXFileReference; lastKnownFileType = sourcecode.swift; path = SpatialAuditoryFeedbackApp.swift; sourceTree = "<group>"; };
		6058315E2BC3797700F7E99D /* ContentView.swift */ = {isa = PBXFileReference; lastKnownFileType = sourcecode.swift; path = ContentView.swift; sourceTree = "<group>"; };
		605831602BC3797700F7E99D /* Item.swift */ = {isa = PBXFileReference; lastKnownFileType = sourcecode.swift; path = Item.swift; sourceTree = "<group>"; };
		605831622BC3797900F7E99D /* Assets.xcassets */ = {isa = PBXFileReference; lastKnownFileType = folder.assetcatalog; path = Assets.xcassets; sourceTree = "<group>"; };
		605831642BC3797900F7E99D /* SpatialAuditoryFeedback.entitlements */ = {isa = PBXFileReference; lastKnownFileType = text.plist.entitlements; path = SpatialAuditoryFeedback.entitlements; sourceTree = "<group>"; };
		605831662BC3797900F7E99D /* Preview Assets.xcassets */ = {isa = PBXFileReference; lastKnownFileType = folder.assetcatalog; path = "Preview Assets.xcassets"; sourceTree = "<group>"; };
		6058316C2BC3797900F7E99D /* SpatialAuditoryFeedbackTests.xctest */ = {isa = PBXFileReference; explicitFileType = wrapper.cfbundle; includeInIndex = 0; path = SpatialAuditoryFeedbackTests.xctest; sourceTree = BUILT_PRODUCTS_DIR; };
		605831702BC3797900F7E99D /* SpatialAuditoryFeedbackTests.swift */ = {isa = PBXFileReference; lastKnownFileType = sourcecode.swift; path = SpatialAuditoryFeedbackTests.swift; sourceTree = "<group>"; };
		605831762BC3797900F7E99D /* SpatialAuditoryFeedbackUITests.xctest */ = {isa = PBXFileReference; explicitFileType = wrapper.cfbundle; includeInIndex = 0; path = SpatialAuditoryFeedbackUITests.xctest; sourceTree = BUILT_PRODUCTS_DIR; };
		6058317A2BC3797900F7E99D /* SpatialAuditoryFeedbackUITests.swift */ = {isa = PBXFileReference; lastKnownFileType = sourcecode.swift; path = SpatialAuditoryFeedbackUITests.swift; sourceTree = "<group>"; };
		6058317C2BC3797900F7E99D /* SpatialAuditoryFeedbackUITestsLaunchTests.swift */ = {isa = PBXFileReference; lastKnownFileType = sourcecode.swift; path = SpatialAuditoryFeedbackUITestsLaunchTests.swift; sourceTree = "<group>"; };
		607129F92BC51C4700EB6E3D /* shader.metal */ = {isa = PBXFileReference; fileEncoding = 4; lastKnownFileType = sourcecode.metal; path = shader.metal; sourceTree = "<group>"; };
		60FF4C4A2BD15B7100D75E79 /* PoseDetector.swift */ = {isa = PBXFileReference; lastKnownFileType = sourcecode.swift; path = PoseDetector.swift; sourceTree = "<group>"; };
/* End PBXFileReference section */

/* Begin PBXFrameworksBuildPhase section */
		605831562BC3797700F7E99D /* Frameworks */ = {
			isa = PBXFrameworksBuildPhase;
			buildActionMask = 2147483647;
			files = (
				607B169A2BD14067002B3AC6 /* OSCKitCore in Frameworks */,
				607B16982BD14067002B3AC6 /* OSCKit in Frameworks */,
			);
			runOnlyForDeploymentPostprocessing = 0;
		};
		605831692BC3797900F7E99D /* Frameworks */ = {
			isa = PBXFrameworksBuildPhase;
			buildActionMask = 2147483647;
			files = (
			);
			runOnlyForDeploymentPostprocessing = 0;
		};
		605831732BC3797900F7E99D /* Frameworks */ = {
			isa = PBXFrameworksBuildPhase;
			buildActionMask = 2147483647;
			files = (
			);
			runOnlyForDeploymentPostprocessing = 0;
		};
/* End PBXFrameworksBuildPhase section */

/* Begin PBXGroup section */
		605831502BC3797700F7E99D = {
			isa = PBXGroup;
			children = (
				6058315B2BC3797700F7E99D /* SpatialAuditoryFeedback */,
				6058316F2BC3797900F7E99D /* SpatialAuditoryFeedbackTests */,
				605831792BC3797900F7E99D /* SpatialAuditoryFeedbackUITests */,
				6058315A2BC3797700F7E99D /* Products */,
			);
			sourceTree = "<group>";
		};
		6058315A2BC3797700F7E99D /* Products */ = {
			isa = PBXGroup;
			children = (
				605831592BC3797700F7E99D /* SpatialAuditoryFeedback.app */,
				6058316C2BC3797900F7E99D /* SpatialAuditoryFeedbackTests.xctest */,
				605831762BC3797900F7E99D /* SpatialAuditoryFeedbackUITests.xctest */,
			);
			name = Products;
			sourceTree = "<group>";
		};
		6058315B2BC3797700F7E99D /* SpatialAuditoryFeedback */ = {
			isa = PBXGroup;
			children = (
				607129F92BC51C4700EB6E3D /* shader.metal */,
				0705D6572BCE2260001D6C4B /* MetalCoordinator.swift */,
				0705D6592BCE22B9001D6C4B /* MetalEnvironment.swift */,
				071D47A62BC5C4920080E066 /* View+MTLTexture.swift */,
				0705D6532BCE2172001D6C4B /* MetalRepresentable+Rotations.swift */,
				0705D65F2BCE255B001D6C4B /* MetalTextureColorZapView.swift */,
				0705D6632BCE2642001D6C4B /* MTKColorZapCoordinator.swift */,
				0705D6672BCE2797001D6C4B /* CameraCapturedData.swift */,
				0705D66F2BCEEF01001D6C4B /* CameraManager.swift */,
				0705D6732BCEEFD5001D6C4B /* CameraProvider.swift */,
				60FF4C4A2BD15B7100D75E79 /* PoseDetector.swift */,
				0705D6772BCEF59C001D6C4B /* CVPixelBuffer+Textures.swift */,
				0705D66B2BCEE932001D6C4B /* SliderDepthBoundaryView.swift */,
				6058315C2BC3797700F7E99D /* SpatialAuditoryFeedbackApp.swift */,
				6058315E2BC3797700F7E99D /* ContentView.swift */,
				605831602BC3797700F7E99D /* Item.swift */,
				605831622BC3797900F7E99D /* Assets.xcassets */,
				605831642BC3797900F7E99D /* SpatialAuditoryFeedback.entitlements */,
				605831652BC3797900F7E99D /* Preview Content */,
			);
			path = SpatialAuditoryFeedback;
			sourceTree = "<group>";
		};
		605831652BC3797900F7E99D /* Preview Content */ = {
			isa = PBXGroup;
			children = (
				605831662BC3797900F7E99D /* Preview Assets.xcassets */,
			);
			path = "Preview Content";
			sourceTree = "<group>";
		};
		6058316F2BC3797900F7E99D /* SpatialAuditoryFeedbackTests */ = {
			isa = PBXGroup;
			children = (
				605831702BC3797900F7E99D /* SpatialAuditoryFeedbackTests.swift */,
			);
			path = SpatialAuditoryFeedbackTests;
			sourceTree = "<group>";
		};
		605831792BC3797900F7E99D /* SpatialAuditoryFeedbackUITests */ = {
			isa = PBXGroup;
			children = (
				6058317A2BC3797900F7E99D /* SpatialAuditoryFeedbackUITests.swift */,
				6058317C2BC3797900F7E99D /* SpatialAuditoryFeedbackUITestsLaunchTests.swift */,
			);
			path = SpatialAuditoryFeedbackUITests;
			sourceTree = "<group>";
		};
/* End PBXGroup section */

/* Begin PBXNativeTarget section */
		605831582BC3797700F7E99D /* SpatialAuditoryFeedback */ = {
			isa = PBXNativeTarget;
			buildConfigurationList = 605831802BC3797900F7E99D /* Build configuration list for PBXNativeTarget "SpatialAuditoryFeedback" */;
			buildPhases = (
				605831552BC3797700F7E99D /* Sources */,
				605831562BC3797700F7E99D /* Frameworks */,
				605831572BC3797700F7E99D /* Resources */,
			);
			buildRules = (
			);
			dependencies = (
			);
			name = SpatialAuditoryFeedback;
			packageProductDependencies = (
				607B16972BD14067002B3AC6 /* OSCKit */,
				607B16992BD14067002B3AC6 /* OSCKitCore */,
			);
			productName = SpatialAuditoryFeedback;
			productReference = 605831592BC3797700F7E99D /* SpatialAuditoryFeedback.app */;
			productType = "com.apple.product-type.application";
		};
		6058316B2BC3797900F7E99D /* SpatialAuditoryFeedbackTests */ = {
			isa = PBXNativeTarget;
			buildConfigurationList = 605831832BC3797900F7E99D /* Build configuration list for PBXNativeTarget "SpatialAuditoryFeedbackTests" */;
			buildPhases = (
				605831682BC3797900F7E99D /* Sources */,
				605831692BC3797900F7E99D /* Frameworks */,
				6058316A2BC3797900F7E99D /* Resources */,
			);
			buildRules = (
			);
			dependencies = (
				6058316E2BC3797900F7E99D /* PBXTargetDependency */,
			);
			name = SpatialAuditoryFeedbackTests;
			productName = SpatialAuditoryFeedbackTests;
			productReference = 6058316C2BC3797900F7E99D /* SpatialAuditoryFeedbackTests.xctest */;
			productType = "com.apple.product-type.bundle.unit-test";
		};
		605831752BC3797900F7E99D /* SpatialAuditoryFeedbackUITests */ = {
			isa = PBXNativeTarget;
			buildConfigurationList = 605831862BC3797900F7E99D /* Build configuration list for PBXNativeTarget "SpatialAuditoryFeedbackUITests" */;
			buildPhases = (
				605831722BC3797900F7E99D /* Sources */,
				605831732BC3797900F7E99D /* Frameworks */,
				605831742BC3797900F7E99D /* Resources */,
			);
			buildRules = (
			);
			dependencies = (
				605831782BC3797900F7E99D /* PBXTargetDependency */,
			);
			name = SpatialAuditoryFeedbackUITests;
			productName = SpatialAuditoryFeedbackUITests;
			productReference = 605831762BC3797900F7E99D /* SpatialAuditoryFeedbackUITests.xctest */;
			productType = "com.apple.product-type.bundle.ui-testing";
		};
/* End PBXNativeTarget section */

/* Begin PBXProject section */
		605831512BC3797700F7E99D /* Project object */ = {
			isa = PBXProject;
			attributes = {
				BuildIndependentTargetsInParallel = 1;
				LastSwiftUpdateCheck = 1530;
				LastUpgradeCheck = 1530;
				TargetAttributes = {
					605831582BC3797700F7E99D = {
						CreatedOnToolsVersion = 15.3;
					};
					6058316B2BC3797900F7E99D = {
						CreatedOnToolsVersion = 15.3;
						TestTargetID = 605831582BC3797700F7E99D;
					};
					605831752BC3797900F7E99D = {
						CreatedOnToolsVersion = 15.3;
						TestTargetID = 605831582BC3797700F7E99D;
					};
				};
			};
			buildConfigurationList = 605831542BC3797700F7E99D /* Build configuration list for PBXProject "SpatialAuditoryFeedback" */;
			compatibilityVersion = "Xcode 14.0";
			developmentRegion = en;
			hasScannedForEncodings = 0;
			knownRegions = (
				en,
				Base,
			);
			mainGroup = 605831502BC3797700F7E99D;
			packageReferences = (
				607B16962BD13FA6002B3AC6 /* XCRemoteSwiftPackageReference "OSCKit" */,
			);
			productRefGroup = 6058315A2BC3797700F7E99D /* Products */;
			projectDirPath = "";
			projectRoot = "";
			targets = (
				605831582BC3797700F7E99D /* SpatialAuditoryFeedback */,
				6058316B2BC3797900F7E99D /* SpatialAuditoryFeedbackTests */,
				605831752BC3797900F7E99D /* SpatialAuditoryFeedbackUITests */,
			);
		};
/* End PBXProject section */

/* Begin PBXResourcesBuildPhase section */
		605831572BC3797700F7E99D /* Resources */ = {
			isa = PBXResourcesBuildPhase;
			buildActionMask = 2147483647;
			files = (
				605831672BC3797900F7E99D /* Preview Assets.xcassets in Resources */,
				605831632BC3797900F7E99D /* Assets.xcassets in Resources */,
			);
			runOnlyForDeploymentPostprocessing = 0;
		};
		6058316A2BC3797900F7E99D /* Resources */ = {
			isa = PBXResourcesBuildPhase;
			buildActionMask = 2147483647;
			files = (
			);
			runOnlyForDeploymentPostprocessing = 0;
		};
		605831742BC3797900F7E99D /* Resources */ = {
			isa = PBXResourcesBuildPhase;
			buildActionMask = 2147483647;
			files = (
			);
			runOnlyForDeploymentPostprocessing = 0;
		};
/* End PBXResourcesBuildPhase section */

/* Begin PBXSourcesBuildPhase section */
		605831552BC3797700F7E99D /* Sources */ = {
			isa = PBXSourcesBuildPhase;
			buildActionMask = 2147483647;
			files = (
				607129FA2BC51C4700EB6E3D /* shader.metal in Sources */,
				0705D6702BCEEF01001D6C4B /* CameraManager.swift in Sources */,
				0705D6642BCE2642001D6C4B /* MTKColorZapCoordinator.swift in Sources */,
				0705D65A2BCE22B9001D6C4B /* MetalEnvironment.swift in Sources */,
				0705D66C2BCEE932001D6C4B /* SliderDepthBoundaryView.swift in Sources */,
				0705D6602BCE255B001D6C4B /* MetalTextureColorZapView.swift in Sources */,
				0705D6682BCE2797001D6C4B /* CameraCapturedData.swift in Sources */,
				6058315F2BC3797700F7E99D /* ContentView.swift in Sources */,
				0705D6542BCE2172001D6C4B /* MetalRepresentable+Rotations.swift in Sources */,
				0705D6742BCEEFD5001D6C4B /* CameraProvider.swift in Sources */,
				071D47A72BC5C4920080E066 /* View+MTLTexture.swift in Sources */,
				605831612BC3797700F7E99D /* Item.swift in Sources */,
				0705D6582BCE2260001D6C4B /* MetalCoordinator.swift in Sources */,
				0705D6782BCEF59C001D6C4B /* CVPixelBuffer+Textures.swift in Sources */,
				60FF4C4B2BD15B7100D75E79 /* PoseDetector.swift in Sources */,
				6058315D2BC3797700F7E99D /* SpatialAuditoryFeedbackApp.swift in Sources */,
			);
			runOnlyForDeploymentPostprocessing = 0;
		};
		605831682BC3797900F7E99D /* Sources */ = {
			isa = PBXSourcesBuildPhase;
			buildActionMask = 2147483647;
			files = (
				605831712BC3797900F7E99D /* SpatialAuditoryFeedbackTests.swift in Sources */,
			);
			runOnlyForDeploymentPostprocessing = 0;
		};
		605831722BC3797900F7E99D /* Sources */ = {
			isa = PBXSourcesBuildPhase;
			buildActionMask = 2147483647;
			files = (
				6058317B2BC3797900F7E99D /* SpatialAuditoryFeedbackUITests.swift in Sources */,
				6058317D2BC3797900F7E99D /* SpatialAuditoryFeedbackUITestsLaunchTests.swift in Sources */,
			);
			runOnlyForDeploymentPostprocessing = 0;
		};
/* End PBXSourcesBuildPhase section */

/* Begin PBXTargetDependency section */
		6058316E2BC3797900F7E99D /* PBXTargetDependency */ = {
			isa = PBXTargetDependency;
			target = 605831582BC3797700F7E99D /* SpatialAuditoryFeedback */;
			targetProxy = 6058316D2BC3797900F7E99D /* PBXContainerItemProxy */;
		};
		605831782BC3797900F7E99D /* PBXTargetDependency */ = {
			isa = PBXTargetDependency;
			target = 605831582BC3797700F7E99D /* SpatialAuditoryFeedback */;
			targetProxy = 605831772BC3797900F7E99D /* PBXContainerItemProxy */;
		};
/* End PBXTargetDependency section */

/* Begin XCBuildConfiguration section */
		6058317E2BC3797900F7E99D /* Debug */ = {
			isa = XCBuildConfiguration;
			buildSettings = {
				ALWAYS_SEARCH_USER_PATHS = NO;
				ASSETCATALOG_COMPILER_GENERATE_SWIFT_ASSET_SYMBOL_EXTENSIONS = YES;
				CLANG_ANALYZER_NONNULL = YES;
				CLANG_ANALYZER_NUMBER_OBJECT_CONVERSION = YES_AGGRESSIVE;
				CLANG_CXX_LANGUAGE_STANDARD = "gnu++20";
				CLANG_ENABLE_MODULES = YES;
				CLANG_ENABLE_OBJC_ARC = YES;
				CLANG_ENABLE_OBJC_WEAK = YES;
				CLANG_WARN_BLOCK_CAPTURE_AUTORELEASING = YES;
				CLANG_WARN_BOOL_CONVERSION = YES;
				CLANG_WARN_COMMA = YES;
				CLANG_WARN_CONSTANT_CONVERSION = YES;
				CLANG_WARN_DEPRECATED_OBJC_IMPLEMENTATIONS = YES;
				CLANG_WARN_DIRECT_OBJC_ISA_USAGE = YES_ERROR;
				CLANG_WARN_DOCUMENTATION_COMMENTS = YES;
				CLANG_WARN_EMPTY_BODY = YES;
				CLANG_WARN_ENUM_CONVERSION = YES;
				CLANG_WARN_INFINITE_RECURSION = YES;
				CLANG_WARN_INT_CONVERSION = YES;
				CLANG_WARN_NON_LITERAL_NULL_CONVERSION = YES;
				CLANG_WARN_OBJC_IMPLICIT_RETAIN_SELF = YES;
				CLANG_WARN_OBJC_LITERAL_CONVERSION = YES;
				CLANG_WARN_OBJC_ROOT_CLASS = YES_ERROR;
				CLANG_WARN_QUOTED_INCLUDE_IN_FRAMEWORK_HEADER = YES;
				CLANG_WARN_RANGE_LOOP_ANALYSIS = YES;
				CLANG_WARN_STRICT_PROTOTYPES = YES;
				CLANG_WARN_SUSPICIOUS_MOVE = YES;
				CLANG_WARN_UNGUARDED_AVAILABILITY = YES_AGGRESSIVE;
				CLANG_WARN_UNREACHABLE_CODE = YES;
				CLANG_WARN__DUPLICATE_METHOD_MATCH = YES;
				COPY_PHASE_STRIP = NO;
				DEBUG_INFORMATION_FORMAT = dwarf;
				ENABLE_STRICT_OBJC_MSGSEND = YES;
				ENABLE_TESTABILITY = YES;
				ENABLE_USER_SCRIPT_SANDBOXING = YES;
				GCC_C_LANGUAGE_STANDARD = gnu17;
				GCC_DYNAMIC_NO_PIC = NO;
				GCC_NO_COMMON_BLOCKS = YES;
				GCC_OPTIMIZATION_LEVEL = 0;
				GCC_PREPROCESSOR_DEFINITIONS = (
					"DEBUG=1",
					"$(inherited)",
				);
				GCC_WARN_64_TO_32_BIT_CONVERSION = YES;
				GCC_WARN_ABOUT_RETURN_TYPE = YES_ERROR;
				GCC_WARN_UNDECLARED_SELECTOR = YES;
				GCC_WARN_UNINITIALIZED_AUTOS = YES_AGGRESSIVE;
				GCC_WARN_UNUSED_FUNCTION = YES;
				GCC_WARN_UNUSED_VARIABLE = YES;
				LOCALIZATION_PREFERS_STRING_CATALOGS = YES;
				MTL_ENABLE_DEBUG_INFO = INCLUDE_SOURCE;
				MTL_FAST_MATH = YES;
				ONLY_ACTIVE_ARCH = YES;
				SWIFT_ACTIVE_COMPILATION_CONDITIONS = "DEBUG $(inherited)";
				SWIFT_OPTIMIZATION_LEVEL = "-Onone";
			};
			name = Debug;
		};
		6058317F2BC3797900F7E99D /* Release */ = {
			isa = XCBuildConfiguration;
			buildSettings = {
				ALWAYS_SEARCH_USER_PATHS = NO;
				ASSETCATALOG_COMPILER_GENERATE_SWIFT_ASSET_SYMBOL_EXTENSIONS = YES;
				CLANG_ANALYZER_NONNULL = YES;
				CLANG_ANALYZER_NUMBER_OBJECT_CONVERSION = YES_AGGRESSIVE;
				CLANG_CXX_LANGUAGE_STANDARD = "gnu++20";
				CLANG_ENABLE_MODULES = YES;
				CLANG_ENABLE_OBJC_ARC = YES;
				CLANG_ENABLE_OBJC_WEAK = YES;
				CLANG_WARN_BLOCK_CAPTURE_AUTORELEASING = YES;
				CLANG_WARN_BOOL_CONVERSION = YES;
				CLANG_WARN_COMMA = YES;
				CLANG_WARN_CONSTANT_CONVERSION = YES;
				CLANG_WARN_DEPRECATED_OBJC_IMPLEMENTATIONS = YES;
				CLANG_WARN_DIRECT_OBJC_ISA_USAGE = YES_ERROR;
				CLANG_WARN_DOCUMENTATION_COMMENTS = YES;
				CLANG_WARN_EMPTY_BODY = YES;
				CLANG_WARN_ENUM_CONVERSION = YES;
				CLANG_WARN_INFINITE_RECURSION = YES;
				CLANG_WARN_INT_CONVERSION = YES;
				CLANG_WARN_NON_LITERAL_NULL_CONVERSION = YES;
				CLANG_WARN_OBJC_IMPLICIT_RETAIN_SELF = YES;
				CLANG_WARN_OBJC_LITERAL_CONVERSION = YES;
				CLANG_WARN_OBJC_ROOT_CLASS = YES_ERROR;
				CLANG_WARN_QUOTED_INCLUDE_IN_FRAMEWORK_HEADER = YES;
				CLANG_WARN_RANGE_LOOP_ANALYSIS = YES;
				CLANG_WARN_STRICT_PROTOTYPES = YES;
				CLANG_WARN_SUSPICIOUS_MOVE = YES;
				CLANG_WARN_UNGUARDED_AVAILABILITY = YES_AGGRESSIVE;
				CLANG_WARN_UNREACHABLE_CODE = YES;
				CLANG_WARN__DUPLICATE_METHOD_MATCH = YES;
				COPY_PHASE_STRIP = NO;
				DEBUG_INFORMATION_FORMAT = "dwarf-with-dsym";
				ENABLE_NS_ASSERTIONS = NO;
				ENABLE_STRICT_OBJC_MSGSEND = YES;
				ENABLE_USER_SCRIPT_SANDBOXING = YES;
				GCC_C_LANGUAGE_STANDARD = gnu17;
				GCC_NO_COMMON_BLOCKS = YES;
				GCC_WARN_64_TO_32_BIT_CONVERSION = YES;
				GCC_WARN_ABOUT_RETURN_TYPE = YES_ERROR;
				GCC_WARN_UNDECLARED_SELECTOR = YES;
				GCC_WARN_UNINITIALIZED_AUTOS = YES_AGGRESSIVE;
				GCC_WARN_UNUSED_FUNCTION = YES;
				GCC_WARN_UNUSED_VARIABLE = YES;
				LOCALIZATION_PREFERS_STRING_CATALOGS = YES;
				MTL_ENABLE_DEBUG_INFO = NO;
				MTL_FAST_MATH = YES;
				SWIFT_COMPILATION_MODE = wholemodule;
			};
			name = Release;
		};
		605831812BC3797900F7E99D /* Debug */ = {
			isa = XCBuildConfiguration;
			buildSettings = {
				ASSETCATALOG_COMPILER_APPICON_NAME = AppIcon;
				ASSETCATALOG_COMPILER_GLOBAL_ACCENT_COLOR_NAME = AccentColor;
				CODE_SIGN_ENTITLEMENTS = SpatialAuditoryFeedback/SpatialAuditoryFeedback.entitlements;
				CODE_SIGN_STYLE = Automatic;
				CURRENT_PROJECT_VERSION = 1;
				DEVELOPMENT_ASSET_PATHS = "\"SpatialAuditoryFeedback/Preview Content\"";
				DEVELOPMENT_TEAM = 6CV59M265C;
				ENABLE_HARDENED_RUNTIME = YES;
				ENABLE_PREVIEWS = YES;
				GENERATE_INFOPLIST_FILE = YES;
				INFOPLIST_KEY_NSCameraUsageDescription = "Record depth and video data for 3D pose estimation.";
				"INFOPLIST_KEY_UIApplicationSceneManifest_Generation[sdk=iphoneos*]" = YES;
				"INFOPLIST_KEY_UIApplicationSceneManifest_Generation[sdk=iphonesimulator*]" = YES;
				"INFOPLIST_KEY_UIApplicationSupportsIndirectInputEvents[sdk=iphoneos*]" = YES;
				"INFOPLIST_KEY_UIApplicationSupportsIndirectInputEvents[sdk=iphonesimulator*]" = YES;
				"INFOPLIST_KEY_UILaunchScreen_Generation[sdk=iphoneos*]" = YES;
				"INFOPLIST_KEY_UILaunchScreen_Generation[sdk=iphonesimulator*]" = YES;
				"INFOPLIST_KEY_UIStatusBarStyle[sdk=iphoneos*]" = UIStatusBarStyleDefault;
				"INFOPLIST_KEY_UIStatusBarStyle[sdk=iphonesimulator*]" = UIStatusBarStyleDefault;
				INFOPLIST_KEY_UISupportedInterfaceOrientations_iPad = "UIInterfaceOrientationPortrait UIInterfaceOrientationPortraitUpsideDown UIInterfaceOrientationLandscapeLeft UIInterfaceOrientationLandscapeRight";
				INFOPLIST_KEY_UISupportedInterfaceOrientations_iPhone = "UIInterfaceOrientationPortrait UIInterfaceOrientationLandscapeLeft UIInterfaceOrientationLandscapeRight";
				IPHONEOS_DEPLOYMENT_TARGET = 17.4;
				LD_RUNPATH_SEARCH_PATHS = "@executable_path/Frameworks";
				"LD_RUNPATH_SEARCH_PATHS[sdk=macosx*]" = "@executable_path/../Frameworks";
				MACOSX_DEPLOYMENT_TARGET = 14.0;
				MARKETING_VERSION = 1.0;
				PRODUCT_BUNDLE_IDENTIFIER = student.evanmurray.SpatialAuditoryFeedback;
				PRODUCT_NAME = "$(TARGET_NAME)";
				SDKROOT = auto;
				SUPPORTED_PLATFORMS = "iphoneos iphonesimulator";
				SUPPORTS_MACCATALYST = NO;
				SWIFT_EMIT_LOC_STRINGS = YES;
				SWIFT_VERSION = 5.0;
				TARGETED_DEVICE_FAMILY = "1,2";
			};
			name = Debug;
		};
		605831822BC3797900F7E99D /* Release */ = {
			isa = XCBuildConfiguration;
			buildSettings = {
				ASSETCATALOG_COMPILER_APPICON_NAME = AppIcon;
				ASSETCATALOG_COMPILER_GLOBAL_ACCENT_COLOR_NAME = AccentColor;
				CODE_SIGN_ENTITLEMENTS = SpatialAuditoryFeedback/SpatialAuditoryFeedback.entitlements;
				CODE_SIGN_STYLE = Automatic;
				CURRENT_PROJECT_VERSION = 1;
				DEVELOPMENT_ASSET_PATHS = "\"SpatialAuditoryFeedback/Preview Content\"";
				DEVELOPMENT_TEAM = 6CV59M265C;
				ENABLE_HARDENED_RUNTIME = YES;
				ENABLE_PREVIEWS = YES;
				GENERATE_INFOPLIST_FILE = YES;
				INFOPLIST_KEY_NSCameraUsageDescription = "Record depth and video data for 3D pose estimation.";
				"INFOPLIST_KEY_UIApplicationSceneManifest_Generation[sdk=iphoneos*]" = YES;
				"INFOPLIST_KEY_UIApplicationSceneManifest_Generation[sdk=iphonesimulator*]" = YES;
				"INFOPLIST_KEY_UIApplicationSupportsIndirectInputEvents[sdk=iphoneos*]" = YES;
				"INFOPLIST_KEY_UIApplicationSupportsIndirectInputEvents[sdk=iphonesimulator*]" = YES;
				"INFOPLIST_KEY_UILaunchScreen_Generation[sdk=iphoneos*]" = YES;
				"INFOPLIST_KEY_UILaunchScreen_Generation[sdk=iphonesimulator*]" = YES;
				"INFOPLIST_KEY_UIStatusBarStyle[sdk=iphoneos*]" = UIStatusBarStyleDefault;
				"INFOPLIST_KEY_UIStatusBarStyle[sdk=iphonesimulator*]" = UIStatusBarStyleDefault;
				INFOPLIST_KEY_UISupportedInterfaceOrientations_iPad = "UIInterfaceOrientationPortrait UIInterfaceOrientationPortraitUpsideDown UIInterfaceOrientationLandscapeLeft UIInterfaceOrientationLandscapeRight";
				INFOPLIST_KEY_UISupportedInterfaceOrientations_iPhone = "UIInterfaceOrientationPortrait UIInterfaceOrientationLandscapeLeft UIInterfaceOrientationLandscapeRight";
				IPHONEOS_DEPLOYMENT_TARGET = 17.4;
				LD_RUNPATH_SEARCH_PATHS = "@executable_path/Frameworks";
				"LD_RUNPATH_SEARCH_PATHS[sdk=macosx*]" = "@executable_path/../Frameworks";
				MACOSX_DEPLOYMENT_TARGET = 14.0;
				MARKETING_VERSION = 1.0;
				PRODUCT_BUNDLE_IDENTIFIER = student.evanmurray.SpatialAuditoryFeedback;
				PRODUCT_NAME = "$(TARGET_NAME)";
				SDKROOT = auto;
				SUPPORTED_PLATFORMS = "iphoneos iphonesimulator";
				SUPPORTS_MACCATALYST = NO;
				SWIFT_EMIT_LOC_STRINGS = YES;
				SWIFT_VERSION = 5.0;
				TARGETED_DEVICE_FAMILY = "1,2";
			};
			name = Release;
		};
		605831842BC3797900F7E99D /* Debug */ = {
			isa = XCBuildConfiguration;
			buildSettings = {
				ALWAYS_EMBED_SWIFT_STANDARD_LIBRARIES = YES;
				BUNDLE_LOADER = "$(TEST_HOST)";
				CODE_SIGN_STYLE = Automatic;
				CURRENT_PROJECT_VERSION = 1;
				DEVELOPMENT_TEAM = 6CV59M265C;
				GENERATE_INFOPLIST_FILE = YES;
				IPHONEOS_DEPLOYMENT_TARGET = 17.4;
				MACOSX_DEPLOYMENT_TARGET = 14.4;
				MARKETING_VERSION = 1.0;
				PRODUCT_BUNDLE_IDENTIFIER = student.evanmurray.SpatialAuditoryFeedbackTests;
				PRODUCT_NAME = "$(TARGET_NAME)";
				SDKROOT = auto;
				SUPPORTED_PLATFORMS = "iphoneos iphonesimulator macosx";
				SWIFT_EMIT_LOC_STRINGS = NO;
				SWIFT_VERSION = 5.0;
				TARGETED_DEVICE_FAMILY = "1,2";
				TEST_HOST = "$(BUILT_PRODUCTS_DIR)/SpatialAuditoryFeedback.app/$(BUNDLE_EXECUTABLE_FOLDER_PATH)/SpatialAuditoryFeedback";
			};
			name = Debug;
		};
		605831852BC3797900F7E99D /* Release */ = {
			isa = XCBuildConfiguration;
			buildSettings = {
				ALWAYS_EMBED_SWIFT_STANDARD_LIBRARIES = YES;
				BUNDLE_LOADER = "$(TEST_HOST)";
				CODE_SIGN_STYLE = Automatic;
				CURRENT_PROJECT_VERSION = 1;
				DEVELOPMENT_TEAM = 6CV59M265C;
				GENERATE_INFOPLIST_FILE = YES;
				IPHONEOS_DEPLOYMENT_TARGET = 17.4;
				MACOSX_DEPLOYMENT_TARGET = 14.4;
				MARKETING_VERSION = 1.0;
				PRODUCT_BUNDLE_IDENTIFIER = student.evanmurray.SpatialAuditoryFeedbackTests;
				PRODUCT_NAME = "$(TARGET_NAME)";
				SDKROOT = auto;
				SUPPORTED_PLATFORMS = "iphoneos iphonesimulator macosx";
				SWIFT_EMIT_LOC_STRINGS = NO;
				SWIFT_VERSION = 5.0;
				TARGETED_DEVICE_FAMILY = "1,2";
				TEST_HOST = "$(BUILT_PRODUCTS_DIR)/SpatialAuditoryFeedback.app/$(BUNDLE_EXECUTABLE_FOLDER_PATH)/SpatialAuditoryFeedback";
			};
			name = Release;
		};
		605831872BC3797900F7E99D /* Debug */ = {
			isa = XCBuildConfiguration;
			buildSettings = {
				ALWAYS_EMBED_SWIFT_STANDARD_LIBRARIES = YES;
				CODE_SIGN_STYLE = Automatic;
				CURRENT_PROJECT_VERSION = 1;
				DEVELOPMENT_TEAM = 6CV59M265C;
				GENERATE_INFOPLIST_FILE = YES;
				IPHONEOS_DEPLOYMENT_TARGET = 17.4;
				MACOSX_DEPLOYMENT_TARGET = 14.4;
				MARKETING_VERSION = 1.0;
				PRODUCT_BUNDLE_IDENTIFIER = student.evanmurray.SpatialAuditoryFeedbackUITests;
				PRODUCT_NAME = "$(TARGET_NAME)";
				SDKROOT = auto;
				SUPPORTED_PLATFORMS = "iphoneos iphonesimulator macosx";
				SWIFT_EMIT_LOC_STRINGS = NO;
				SWIFT_VERSION = 5.0;
				TARGETED_DEVICE_FAMILY = "1,2";
				TEST_TARGET_NAME = SpatialAuditoryFeedback;
			};
			name = Debug;
		};
		605831882BC3797900F7E99D /* Release */ = {
			isa = XCBuildConfiguration;
			buildSettings = {
				ALWAYS_EMBED_SWIFT_STANDARD_LIBRARIES = YES;
				CODE_SIGN_STYLE = Automatic;
				CURRENT_PROJECT_VERSION = 1;
				DEVELOPMENT_TEAM = 6CV59M265C;
				GENERATE_INFOPLIST_FILE = YES;
				IPHONEOS_DEPLOYMENT_TARGET = 17.4;
				MACOSX_DEPLOYMENT_TARGET = 14.4;
				MARKETING_VERSION = 1.0;
				PRODUCT_BUNDLE_IDENTIFIER = student.evanmurray.SpatialAuditoryFeedbackUITests;
				PRODUCT_NAME = "$(TARGET_NAME)";
				SDKROOT = auto;
				SUPPORTED_PLATFORMS = "iphoneos iphonesimulator macosx";
				SWIFT_EMIT_LOC_STRINGS = NO;
				SWIFT_VERSION = 5.0;
				TARGETED_DEVICE_FAMILY = "1,2";
				TEST_TARGET_NAME = SpatialAuditoryFeedback;
			};
			name = Release;
		};
/* End XCBuildConfiguration section */

/* Begin XCConfigurationList section */
		605831542BC3797700F7E99D /* Build configuration list for PBXProject "SpatialAuditoryFeedback" */ = {
			isa = XCConfigurationList;
			buildConfigurations = (
				6058317E2BC3797900F7E99D /* Debug */,
				6058317F2BC3797900F7E99D /* Release */,
			);
			defaultConfigurationIsVisible = 0;
			defaultConfigurationName = Release;
		};
		605831802BC3797900F7E99D /* Build configuration list for PBXNativeTarget "SpatialAuditoryFeedback" */ = {
			isa = XCConfigurationList;
			buildConfigurations = (
				605831812BC3797900F7E99D /* Debug */,
				605831822BC3797900F7E99D /* Release */,
			);
			defaultConfigurationIsVisible = 0;
			defaultConfigurationName = Release;
		};
		605831832BC3797900F7E99D /* Build configuration list for PBXNativeTarget "SpatialAuditoryFeedbackTests" */ = {
			isa = XCConfigurationList;
			buildConfigurations = (
				605831842BC3797900F7E99D /* Debug */,
				605831852BC3797900F7E99D /* Release */,
			);
			defaultConfigurationIsVisible = 0;
			defaultConfigurationName = Release;
		};
		605831862BC3797900F7E99D /* Build configuration list for PBXNativeTarget "SpatialAuditoryFeedbackUITests" */ = {
			isa = XCConfigurationList;
			buildConfigurations = (
				605831872BC3797900F7E99D /* Debug */,
				605831882BC3797900F7E99D /* Release */,
			);
			defaultConfigurationIsVisible = 0;
			defaultConfigurationName = Release;
		};
/* End XCConfigurationList section */

/* Begin XCRemoteSwiftPackageReference section */
		607B16962BD13FA6002B3AC6 /* XCRemoteSwiftPackageReference "OSCKit" */ = {
			isa = XCRemoteSwiftPackageReference;
			repositoryURL = "https://github.com/orchetect/OSCKit";
			requirement = {
				branch = main;
				kind = branch;
			};
		};
/* End XCRemoteSwiftPackageReference section */

/* Begin XCSwiftPackageProductDependency section */
		607B16972BD14067002B3AC6 /* OSCKit */ = {
			isa = XCSwiftPackageProductDependency;
			package = 607B16962BD13FA6002B3AC6 /* XCRemoteSwiftPackageReference "OSCKit" */;
			productName = OSCKit;
		};
		607B16992BD14067002B3AC6 /* OSCKitCore */ = {
			isa = XCSwiftPackageProductDependency;
			package = 607B16962BD13FA6002B3AC6 /* XCRemoteSwiftPackageReference "OSCKit" */;
			productName = OSCKitCore;
		};
/* End XCSwiftPackageProductDependency section */
	};
	rootObject = 605831512BC3797700F7E99D /* Project object */;
}
