{
  "originHash" : "09004593056713d8a60a786845f520e6827054e6113df0da5996ca04635a488e",
  "pins" : [
    {
      "identity" : "cocoaasyncsocket",
      "kind" : "remoteSourceControl",
      "location" : "https://github.com/robbiehanson/CocoaAsyncSocket",
      "state" : {
        "revision" : "dbdc00669c1ced63b27c3c5f052ee4d28f10150c",
        "version" : "7.6.5"
      }
    },
    {
      "identity" : "osckit",
      "kind" : "remoteSourceControl",
      "location" : "https://github.com/orchetect/OSCKit",
      "state" : {
        "branch" : "main",
        "revision" : "9c06338df2598d7244cb2ccee7943b9456a1e5e0"
      }
    },
    {
      "identity" : "swiftascii",
      "kind" : "remoteSourceControl",
      "location" : "https://github.com/orchetect/SwiftASCII",
      "state" : {
        "revision" : "81efd5731286be759e91096043be10384034ee57",
        "version" : "1.1.3"
      }
    }
  ],
  "version" : 3
}
